
Microsoft Visual Studio Solution File, Format Version 12.00
# Visual Studio Version 17
VisualStudioVersion = 17.0.31912.275
MinimumVisualStudioVersion = 10.0.40219.1
Project("{FAE04EC0-301F-11D3-BF4B-00C04F79EFBC}") = "WriteToSQLDB", "WriteToSQLDB\WriteToSQLDB.csproj", "{7ABEDE19-6021-4BE0-8476-57B8BEE8B2CC}"
EndProject
Global
	GlobalSection(SolutionConfigurationPlatforms) = preSolution
		Debug|Any CPU = Debug|Any CPU
		Release|Any CPU = Release|Any CPU
	EndGlobalSection
	GlobalSection(ProjectConfigurationPlatforms) = postSolution
		{7ABEDE19-6021-4BE0-8476-57B8BEE8B2CC}.Debug|Any CPU.ActiveCfg = Debug|Any CPU
		{7ABEDE19-6021-4BE0-8476-57B8BEE8B2CC}.Debug|Any CPU.Build.0 = Debug|Any CPU
		{7ABEDE19-6021-4BE0-8476-57B8BEE8B2CC}.Release|Any CPU.ActiveCfg = Release|Any CPU
		{7ABEDE19-6021-4BE0-8476-57B8BEE8B2CC}.Release|Any CPU.Build.0 = Release|Any CPU
	EndGlobalSection
	GlobalSection(SolutionProperties) = preSolution
		HideSolutionNode = FALSE
	EndGlobalSection
	GlobalSection(ExtensibilityGlobals) = postSolution
		SolutionGuid = {52B4B076-6747-4D6E-AA41-6E6CE6C9AF57}
	EndGlobalSection
EndGlobal
